// !$*UTF8*$!
{
	archiveVersion = 1;
	classes = {
	};
	objectVersion = 56;
	objects = {

/* Begin PBXBuildFile section */
		7B7BAC352C871E6F0045695C /* Market.swift in Sources */ = {isa = PBXBuildFile; fileRef = 7B7BAC342C871E6F0045695C /* Market.swift */; };
		7B7BAC372C871E8D0045695C /* UpbitAPI.swift in Sources */ = {isa = PBXBuildFile; fileRef = 7B7BAC362C871E8D0045695C /* UpbitAPI.swift */; };
		7B7BAC392C871F000045695C /* MarketDetailView.swift in Sources */ = {isa = PBXBuildFile; fileRef = 7B7BAC382C871F000045695C /* MarketDetailView.swift */; };
		7B7BAC402C8892BF0045695C /* MyRandomImageView.swift in Sources */ = {isa = PBXBuildFile; fileRef = 7B7BAC3F2C8892BF0045695C /* MyRandomImageView.swift */; };
		7B7BAC422C8893990045695C /* LazyView.swift in Sources */ = {isa = PBXBuildFile; fileRef = 7B7BAC412C8893990045695C /* LazyView.swift */; };
		7B7BAC442C8895040045695C /* PosterView.swift in Sources */ = {isa = PBXBuildFile; fileRef = 7B7BAC432C8895040045695C /* PosterView.swift */; };
		7B7BAC462C88961B0045695C /* PushRandomImageView.swift in Sources */ = {isa = PBXBuildFile; fileRef = 7B7BAC452C88961B0045695C /* PushRandomImageView.swift */; };
		7B7BAC482C8896D60045695C /* RandomSection.swift in Sources */ = {isa = PBXBuildFile; fileRef = 7B7BAC472C8896D60045695C /* RandomSection.swift */; };
		7B7BAC4B2C88A47F0045695C /* MovieCategoryView.swift in Sources */ = {isa = PBXBuildFile; fileRef = 7B7BAC4A2C88A47F0045695C /* MovieCategoryView.swift */; };
		7B7BAC4D2C88A6CC0045695C /* MovieGenre.swift in Sources */ = {isa = PBXBuildFile; fileRef = 7B7BAC4C2C88A6CC0045695C /* MovieGenre.swift */; };
		7BA673712C85B9D800D4F792 /* SwiftUIPracticeApp.swift in Sources */ = {isa = PBXBuildFile; fileRef = 7BA673702C85B9D800D4F792 /* SwiftUIPracticeApp.swift */; };
		7BA673732C85B9D800D4F792 /* ContentView.swift in Sources */ = {isa = PBXBuildFile; fileRef = 7BA673722C85B9D800D4F792 /* ContentView.swift */; };
		7BA673752C85B9D900D4F792 /* Assets.xcassets in Resources */ = {isa = PBXBuildFile; fileRef = 7BA673742C85B9D900D4F792 /* Assets.xcassets */; };
		7BA673782C85B9D900D4F792 /* Preview Assets.xcassets in Resources */ = {isa = PBXBuildFile; fileRef = 7BA673772C85B9D900D4F792 /* Preview Assets.xcassets */; };
		7BA6737F2C85BA5800D4F792 /* StartView.swift in Sources */ = {isa = PBXBuildFile; fileRef = 7BA6737E2C85BA5800D4F792 /* StartView.swift */; };
		7BA673812C85BF9C00D4F792 /* ProfileSettingView.swift in Sources */ = {isa = PBXBuildFile; fileRef = 7BA673802C85BF9C00D4F792 /* ProfileSettingView.swift */; };
		7BA673842C85D45200D4F792 /* BlueCapsule.swift in Sources */ = {isa = PBXBuildFile; fileRef = 7BA673832C85D45200D4F792 /* BlueCapsule.swift */; };
		7BA673862C85D76E00D4F792 /* CompleteView.swift in Sources */ = {isa = PBXBuildFile; fileRef = 7BA673852C85D76E00D4F792 /* CompleteView.swift */; };
		7BA673882C85DAA300D4F792 /* ProfileImageSettingView.swift in Sources */ = {isa = PBXBuildFile; fileRef = 7BA673872C85DAA300D4F792 /* ProfileImageSettingView.swift */; };
		7BA6738B2C85DAFB00D4F792 /* ProfileImageView.swift in Sources */ = {isa = PBXBuildFile; fileRef = 7BA6738A2C85DAFB00D4F792 /* ProfileImageView.swift */; };
		7BA6738D2C85E40C00D4F792 /* MarketView.swift in Sources */ = {isa = PBXBuildFile; fileRef = 7BA6738C2C85E40C00D4F792 /* MarketView.swift */; };
		7BA673932C86148D00D4F792 /* NavigationWrapper.swift in Sources */ = {isa = PBXBuildFile; fileRef = 7BA673922C86148D00D4F792 /* NavigationWrapper.swift */; };
/* End PBXBuildFile section */

/* Begin PBXFileReference section */
		7B7BAC342C871E6F0045695C /* Market.swift */ = {isa = PBXFileReference; lastKnownFileType = sourcecode.swift; path = Market.swift; sourceTree = "<group>"; };
		7B7BAC362C871E8D0045695C /* UpbitAPI.swift */ = {isa = PBXFileReference; lastKnownFileType = sourcecode.swift; path = UpbitAPI.swift; sourceTree = "<group>"; };
		7B7BAC382C871F000045695C /* MarketDetailView.swift */ = {isa = PBXFileReference; lastKnownFileType = sourcecode.swift; path = MarketDetailView.swift; sourceTree = "<group>"; };
		7B7BAC3F2C8892BF0045695C /* MyRandomImageView.swift */ = {isa = PBXFileReference; lastKnownFileType = sourcecode.swift; path = MyRandomImageView.swift; sourceTree = "<group>"; };
		7B7BAC412C8893990045695C /* LazyView.swift */ = {isa = PBXFileReference; lastKnownFileType = sourcecode.swift; path = LazyView.swift; sourceTree = "<group>"; };
		7B7BAC432C8895040045695C /* PosterView.swift */ = {isa = PBXFileReference; lastKnownFileType = sourcecode.swift; path = PosterView.swift; sourceTree = "<group>"; };
		7B7BAC452C88961B0045695C /* PushRandomImageView.swift */ = {isa = PBXFileReference; lastKnownFileType = sourcecode.swift; path = PushRandomImageView.swift; sourceTree = "<group>"; };
		7B7BAC472C8896D60045695C /* RandomSection.swift */ = {isa = PBXFileReference; lastKnownFileType = sourcecode.swift; path = RandomSection.swift; sourceTree = "<group>"; };
		7B7BAC4A2C88A47F0045695C /* MovieCategoryView.swift */ = {isa = PBXFileReference; lastKnownFileType = sourcecode.swift; path = MovieCategoryView.swift; sourceTree = "<group>"; };
		7B7BAC4C2C88A6CC0045695C /* MovieGenre.swift */ = {isa = PBXFileReference; lastKnownFileType = sourcecode.swift; path = MovieGenre.swift; sourceTree = "<group>"; };
		7BA6736D2C85B9D800D4F792 /* SwiftUIPractice.app */ = {isa = PBXFileReference; explicitFileType = wrapper.application; includeInIndex = 0; path = SwiftUIPractice.app; sourceTree = BUILT_PRODUCTS_DIR; };
		7BA673702C85B9D800D4F792 /* SwiftUIPracticeApp.swift */ = {isa = PBXFileReference; lastKnownFileType = sourcecode.swift; path = SwiftUIPracticeApp.swift; sourceTree = "<group>"; };
		7BA673722C85B9D800D4F792 /* ContentView.swift */ = {isa = PBXFileReference; lastKnownFileType = sourcecode.swift; path = ContentView.swift; sourceTree = "<group>"; };
		7BA673742C85B9D900D4F792 /* Assets.xcassets */ = {isa = PBXFileReference; lastKnownFileType = folder.assetcatalog; path = Assets.xcassets; sourceTree = "<group>"; };
		7BA673772C85B9D900D4F792 /* Preview Assets.xcassets */ = {isa = PBXFileReference; lastKnownFileType = folder.assetcatalog; path = "Preview Assets.xcassets"; sourceTree = "<group>"; };
		7BA6737E2C85BA5800D4F792 /* StartView.swift */ = {isa = PBXFileReference; lastKnownFileType = sourcecode.swift; path = StartView.swift; sourceTree = "<group>"; };
		7BA673802C85BF9C00D4F792 /* ProfileSettingView.swift */ = {isa = PBXFileReference; lastKnownFileType = sourcecode.swift; path = ProfileSettingView.swift; sourceTree = "<group>"; };
		7BA673832C85D45200D4F792 /* BlueCapsule.swift */ = {isa = PBXFileReference; lastKnownFileType = sourcecode.swift; path = BlueCapsule.swift; sourceTree = "<group>"; };
		7BA673852C85D76E00D4F792 /* CompleteView.swift */ = {isa = PBXFileReference; lastKnownFileType = sourcecode.swift; path = CompleteView.swift; sourceTree = "<group>"; };
		7BA673872C85DAA300D4F792 /* ProfileImageSettingView.swift */ = {isa = PBXFileReference; lastKnownFileType = sourcecode.swift; path = ProfileImageSettingView.swift; sourceTree = "<group>"; };
		7BA6738A2C85DAFB00D4F792 /* ProfileImageView.swift */ = {isa = PBXFileReference; lastKnownFileType = sourcecode.swift; path = ProfileImageView.swift; sourceTree = "<group>"; };
		7BA6738C2C85E40C00D4F792 /* MarketView.swift */ = {isa = PBXFileReference; lastKnownFileType = sourcecode.swift; path = MarketView.swift; sourceTree = "<group>"; };
		7BA673922C86148D00D4F792 /* NavigationWrapper.swift */ = {isa = PBXFileReference; lastKnownFileType = sourcecode.swift; path = NavigationWrapper.swift; sourceTree = "<group>"; };
/* End PBXFileReference section */

/* Begin PBXFrameworksBuildPhase section */
		7BA6736A2C85B9D800D4F792 /* Frameworks */ = {
			isa = PBXFrameworksBuildPhase;
			buildActionMask = 2147483647;
			files = (
			);
			runOnlyForDeploymentPostprocessing = 0;
		};
/* End PBXFrameworksBuildPhase section */

/* Begin PBXGroup section */
		7B7BAC3C2C8891F60045695C /* ProfileSetting */ = {
			isa = PBXGroup;
			children = (
				7BA6737E2C85BA5800D4F792 /* StartView.swift */,
				7BA673802C85BF9C00D4F792 /* ProfileSettingView.swift */,
				7BA673872C85DAA300D4F792 /* ProfileImageSettingView.swift */,
				7BA673852C85D76E00D4F792 /* CompleteView.swift */,
			);
			path = ProfileSetting;
			sourceTree = "<group>";
		};
		7B7BAC3D2C88921B0045695C /* MarketList */ = {
			isa = PBXGroup;
			children = (
				7BA6738C2C85E40C00D4F792 /* MarketView.swift */,
				7B7BAC382C871F000045695C /* MarketDetailView.swift */,
				7B7BAC342C871E6F0045695C /* Market.swift */,
				7B7BAC362C871E8D0045695C /* UpbitAPI.swift */,
			);
			path = MarketList;
			sourceTree = "<group>";
		};
		7B7BAC3E2C8892A30045695C /* MyRandomImage */ = {
			isa = PBXGroup;
			children = (
				7B7BAC472C8896D60045695C /* RandomSection.swift */,
				7B7BAC432C8895040045695C /* PosterView.swift */,
				7B7BAC3F2C8892BF0045695C /* MyRandomImageView.swift */,
				7B7BAC452C88961B0045695C /* PushRandomImageView.swift */,
			);
			path = MyRandomImage;
			sourceTree = "<group>";
		};
		7B7BAC492C88A4010045695C /* MovieCategory */ = {
			isa = PBXGroup;
			children = (
				7B7BAC4A2C88A47F0045695C /* MovieCategoryView.swift */,
				7B7BAC4C2C88A6CC0045695C /* MovieGenre.swift */,
			);
			path = MovieCategory;
			sourceTree = "<group>";
		};
		7BA673642C85B9D800D4F792 = {
			isa = PBXGroup;
			children = (
				7BA6736F2C85B9D800D4F792 /* SwiftUIPractice */,
				7BA6736E2C85B9D800D4F792 /* Products */,
			);
			sourceTree = "<group>";
		};
		7BA6736E2C85B9D800D4F792 /* Products */ = {
			isa = PBXGroup;
			children = (
				7BA6736D2C85B9D800D4F792 /* SwiftUIPractice.app */,
			);
			name = Products;
			sourceTree = "<group>";
		};
		7BA6736F2C85B9D800D4F792 /* SwiftUIPractice */ = {
			isa = PBXGroup;
			children = (
				7BA673702C85B9D800D4F792 /* SwiftUIPracticeApp.swift */,
				7BA673722C85B9D800D4F792 /* ContentView.swift */,
				7BA673912C86148000D4F792 /* Wrapper */,
				7BA673892C85DAD700D4F792 /* ReusableView */,
				7BA673822C85D42300D4F792 /* Modifier */,
				7B7BAC3C2C8891F60045695C /* ProfileSetting */,
				7B7BAC3D2C88921B0045695C /* MarketList */,
				7B7BAC3E2C8892A30045695C /* MyRandomImage */,
				7B7BAC492C88A4010045695C /* MovieCategory */,
				7BA673742C85B9D900D4F792 /* Assets.xcassets */,
				7BA673762C85B9D900D4F792 /* Preview Content */,
			);
			path = SwiftUIPractice;
			sourceTree = "<group>";
		};
		7BA673762C85B9D900D4F792 /* Preview Content */ = {
			isa = PBXGroup;
			children = (
				7BA673772C85B9D900D4F792 /* Preview Assets.xcassets */,
			);
			path = "Preview Content";
			sourceTree = "<group>";
		};
		7BA673822C85D42300D4F792 /* Modifier */ = {
			isa = PBXGroup;
			children = (
				7BA673832C85D45200D4F792 /* BlueCapsule.swift */,
			);
			path = Modifier;
			sourceTree = "<group>";
		};
		7BA673892C85DAD700D4F792 /* ReusableView */ = {
			isa = PBXGroup;
			children = (
				7BA6738A2C85DAFB00D4F792 /* ProfileImageView.swift */,
			);
			path = ReusableView;
			sourceTree = "<group>";
		};
		7BA673912C86148000D4F792 /* Wrapper */ = {
			isa = PBXGroup;
			children = (
				7BA673922C86148D00D4F792 /* NavigationWrapper.swift */,
				7B7BAC412C8893990045695C /* LazyView.swift */,
			);
			path = Wrapper;
			sourceTree = "<group>";
		};
/* End PBXGroup section */

/* Begin PBXNativeTarget section */
		7BA6736C2C85B9D800D4F792 /* SwiftUIPractice */ = {
			isa = PBXNativeTarget;
			buildConfigurationList = 7BA6737B2C85B9D900D4F792 /* Build configuration list for PBXNativeTarget "SwiftUIPractice" */;
			buildPhases = (
				7BA673692C85B9D800D4F792 /* Sources */,
				7BA6736A2C85B9D800D4F792 /* Frameworks */,
				7BA6736B2C85B9D800D4F792 /* Resources */,
			);
			buildRules = (
			);
			dependencies = (
			);
			name = SwiftUIPractice;
			packageProductDependencies = (
			);
			productName = SwiftUIPractice;
			productReference = 7BA6736D2C85B9D800D4F792 /* SwiftUIPractice.app */;
			productType = "com.apple.product-type.application";
		};
/* End PBXNativeTarget section */

/* Begin PBXProject section */
		7BA673652C85B9D800D4F792 /* Project object */ = {
			isa = PBXProject;
			attributes = {
				BuildIndependentTargetsInParallel = 1;
				LastSwiftUpdateCheck = 1540;
				LastUpgradeCheck = 1540;
				TargetAttributes = {
					7BA6736C2C85B9D800D4F792 = {
						CreatedOnToolsVersion = 15.4;
					};
				};
			};
			buildConfigurationList = 7BA673682C85B9D800D4F792 /* Build configuration list for PBXProject "SwiftUIPractice" */;
			compatibilityVersion = "Xcode 14.0";
			developmentRegion = en;
			hasScannedForEncodings = 0;
			knownRegions = (
				en,
				Base,
			);
			mainGroup = 7BA673642C85B9D800D4F792;
			packageReferences = (
			);
			productRefGroup = 7BA6736E2C85B9D800D4F792 /* Products */;
			projectDirPath = "";
			projectRoot = "";
			targets = (
				7BA6736C2C85B9D800D4F792 /* SwiftUIPractice */,
			);
		};
/* End PBXProject section */

/* Begin PBXResourcesBuildPhase section */
		7BA6736B2C85B9D800D4F792 /* Resources */ = {
			isa = PBXResourcesBuildPhase;
			buildActionMask = 2147483647;
			files = (
				7BA673782C85B9D900D4F792 /* Preview Assets.xcassets in Resources */,
				7BA673752C85B9D900D4F792 /* Assets.xcassets in Resources */,
			);
			runOnlyForDeploymentPostprocessing = 0;
		};
/* End PBXResourcesBuildPhase section */

/* Begin PBXSourcesBuildPhase section */
		7BA673692C85B9D800D4F792 /* Sources */ = {
			isa = PBXSourcesBuildPhase;
			buildActionMask = 2147483647;
			files = (
				7BA6738B2C85DAFB00D4F792 /* ProfileImageView.swift in Sources */,
				7B7BAC352C871E6F0045695C /* Market.swift in Sources */,
				7B7BAC482C8896D60045695C /* RandomSection.swift in Sources */,
				7BA6737F2C85BA5800D4F792 /* StartView.swift in Sources */,
				7B7BAC422C8893990045695C /* LazyView.swift in Sources */,
				7B7BAC4B2C88A47F0045695C /* MovieCategoryView.swift in Sources */,
				7B7BAC462C88961B0045695C /* PushRandomImageView.swift in Sources */,
				7BA673842C85D45200D4F792 /* BlueCapsule.swift in Sources */,
				7BA6738D2C85E40C00D4F792 /* MarketView.swift in Sources */,
				7B7BAC392C871F000045695C /* MarketDetailView.swift in Sources */,
				7BA673812C85BF9C00D4F792 /* ProfileSettingView.swift in Sources */,
				7BA673732C85B9D800D4F792 /* ContentView.swift in Sources */,
				7B7BAC4D2C88A6CC0045695C /* MovieGenre.swift in Sources */,
				7B7BAC372C871E8D0045695C /* UpbitAPI.swift in Sources */,
				7B7BAC442C8895040045695C /* PosterView.swift in Sources */,
				7BA673712C85B9D800D4F792 /* SwiftUIPracticeApp.swift in Sources */,
				7B7BAC402C8892BF0045695C /* MyRandomImageView.swift in Sources */,
				7BA673932C86148D00D4F792 /* NavigationWrapper.swift in Sources */,
				7BA673862C85D76E00D4F792 /* CompleteView.swift in Sources */,
				7BA673882C85DAA300D4F792 /* ProfileImageSettingView.swift in Sources */,
			);
			runOnlyForDeploymentPostprocessing = 0;
		};
/* End PBXSourcesBuildPhase section */

/* Begin XCBuildConfiguration section */
		7BA673792C85B9D900D4F792 /* Debug */ = {
			isa = XCBuildConfiguration;
			buildSettings = {
				ALWAYS_SEARCH_USER_PATHS = NO;
				ASSETCATALOG_COMPILER_GENERATE_SWIFT_ASSET_SYMBOL_EXTENSIONS = YES;
				CLANG_ANALYZER_NONNULL = YES;
				CLANG_ANALYZER_NUMBER_OBJECT_CONVERSION = YES_AGGRESSIVE;
				CLANG_CXX_LANGUAGE_STANDARD = "gnu++20";
				CLANG_ENABLE_MODULES = YES;
				CLANG_ENABLE_OBJC_ARC = YES;
				CLANG_ENABLE_OBJC_WEAK = YES;
				CLANG_WARN_BLOCK_CAPTURE_AUTORELEASING = YES;
				CLANG_WARN_BOOL_CONVERSION = YES;
				CLANG_WARN_COMMA = YES;
				CLANG_WARN_CONSTANT_CONVERSION = YES;
				CLANG_WARN_DEPRECATED_OBJC_IMPLEMENTATIONS = YES;
				CLANG_WARN_DIRECT_OBJC_ISA_USAGE = YES_ERROR;
				CLANG_WARN_DOCUMENTATION_COMMENTS = YES;
				CLANG_WARN_EMPTY_BODY = YES;
				CLANG_WARN_ENUM_CONVERSION = YES;
				CLANG_WARN_INFINITE_RECURSION = YES;
				CLANG_WARN_INT_CONVERSION = YES;
				CLANG_WARN_NON_LITERAL_NULL_CONVERSION = YES;
				CLANG_WARN_OBJC_IMPLICIT_RETAIN_SELF = YES;
				CLANG_WARN_OBJC_LITERAL_CONVERSION = YES;
				CLANG_WARN_OBJC_ROOT_CLASS = YES_ERROR;
				CLANG_WARN_QUOTED_INCLUDE_IN_FRAMEWORK_HEADER = YES;
				CLANG_WARN_RANGE_LOOP_ANALYSIS = YES;
				CLANG_WARN_STRICT_PROTOTYPES = YES;
				CLANG_WARN_SUSPICIOUS_MOVE = YES;
				CLANG_WARN_UNGUARDED_AVAILABILITY = YES_AGGRESSIVE;
				CLANG_WARN_UNREACHABLE_CODE = YES;
				CLANG_WARN__DUPLICATE_METHOD_MATCH = YES;
				COPY_PHASE_STRIP = NO;
				DEBUG_INFORMATION_FORMAT = dwarf;
				ENABLE_STRICT_OBJC_MSGSEND = YES;
				ENABLE_TESTABILITY = YES;
				ENABLE_USER_SCRIPT_SANDBOXING = YES;
				GCC_C_LANGUAGE_STANDARD = gnu17;
				GCC_DYNAMIC_NO_PIC = NO;
				GCC_NO_COMMON_BLOCKS = YES;
				GCC_OPTIMIZATION_LEVEL = 0;
				GCC_PREPROCESSOR_DEFINITIONS = (
					"DEBUG=1",
					"$(inherited)",
				);
				GCC_WARN_64_TO_32_BIT_CONVERSION = YES;
				GCC_WARN_ABOUT_RETURN_TYPE = YES_ERROR;
				GCC_WARN_UNDECLARED_SELECTOR = YES;
				GCC_WARN_UNINITIALIZED_AUTOS = YES_AGGRESSIVE;
				GCC_WARN_UNUSED_FUNCTION = YES;
				GCC_WARN_UNUSED_VARIABLE = YES;
				IPHONEOS_DEPLOYMENT_TARGET = 17.5;
				LOCALIZATION_PREFERS_STRING_CATALOGS = YES;
				MTL_ENABLE_DEBUG_INFO = INCLUDE_SOURCE;
				MTL_FAST_MATH = YES;
				ONLY_ACTIVE_ARCH = YES;
				SDKROOT = iphoneos;
				SWIFT_ACTIVE_COMPILATION_CONDITIONS = "DEBUG $(inherited)";
				SWIFT_OPTIMIZATION_LEVEL = "-Onone";
			};
			name = Debug;
		};
		7BA6737A2C85B9D900D4F792 /* Release */ = {
			isa = XCBuildConfiguration;
			buildSettings = {
				ALWAYS_SEARCH_USER_PATHS = NO;
				ASSETCATALOG_COMPILER_GENERATE_SWIFT_ASSET_SYMBOL_EXTENSIONS = YES;
				CLANG_ANALYZER_NONNULL = YES;
				CLANG_ANALYZER_NUMBER_OBJECT_CONVERSION = YES_AGGRESSIVE;
				CLANG_CXX_LANGUAGE_STANDARD = "gnu++20";
				CLANG_ENABLE_MODULES = YES;
				CLANG_ENABLE_OBJC_ARC = YES;
				CLANG_ENABLE_OBJC_WEAK = YES;
				CLANG_WARN_BLOCK_CAPTURE_AUTORELEASING = YES;
				CLANG_WARN_BOOL_CONVERSION = YES;
				CLANG_WARN_COMMA = YES;
				CLANG_WARN_CONSTANT_CONVERSION = YES;
				CLANG_WARN_DEPRECATED_OBJC_IMPLEMENTATIONS = YES;
				CLANG_WARN_DIRECT_OBJC_ISA_USAGE = YES_ERROR;
				CLANG_WARN_DOCUMENTATION_COMMENTS = YES;
				CLANG_WARN_EMPTY_BODY = YES;
				CLANG_WARN_ENUM_CONVERSION = YES;
				CLANG_WARN_INFINITE_RECURSION = YES;
				CLANG_WARN_INT_CONVERSION = YES;
				CLANG_WARN_NON_LITERAL_NULL_CONVERSION = YES;
				CLANG_WARN_OBJC_IMPLICIT_RETAIN_SELF = YES;
				CLANG_WARN_OBJC_LITERAL_CONVERSION = YES;
				CLANG_WARN_OBJC_ROOT_CLASS = YES_ERROR;
				CLANG_WARN_QUOTED_INCLUDE_IN_FRAMEWORK_HEADER = YES;
				CLANG_WARN_RANGE_LOOP_ANALYSIS = YES;
				CLANG_WARN_STRICT_PROTOTYPES = YES;
				CLANG_WARN_SUSPICIOUS_MOVE = YES;
				CLANG_WARN_UNGUARDED_AVAILABILITY = YES_AGGRESSIVE;
				CLANG_WARN_UNREACHABLE_CODE = YES;
				CLANG_WARN__DUPLICATE_METHOD_MATCH = YES;
				COPY_PHASE_STRIP = NO;
				DEBUG_INFORMATION_FORMAT = "dwarf-with-dsym";
				ENABLE_NS_ASSERTIONS = NO;
				ENABLE_STRICT_OBJC_MSGSEND = YES;
				ENABLE_USER_SCRIPT_SANDBOXING = YES;
				GCC_C_LANGUAGE_STANDARD = gnu17;
				GCC_NO_COMMON_BLOCKS = YES;
				GCC_WARN_64_TO_32_BIT_CONVERSION = YES;
				GCC_WARN_ABOUT_RETURN_TYPE = YES_ERROR;
				GCC_WARN_UNDECLARED_SELECTOR = YES;
				GCC_WARN_UNINITIALIZED_AUTOS = YES_AGGRESSIVE;
				GCC_WARN_UNUSED_FUNCTION = YES;
				GCC_WARN_UNUSED_VARIABLE = YES;
				IPHONEOS_DEPLOYMENT_TARGET = 17.5;
				LOCALIZATION_PREFERS_STRING_CATALOGS = YES;
				MTL_ENABLE_DEBUG_INFO = NO;
				MTL_FAST_MATH = YES;
				SDKROOT = iphoneos;
				SWIFT_COMPILATION_MODE = wholemodule;
				VALIDATE_PRODUCT = YES;
			};
			name = Release;
		};
		7BA6737C2C85B9D900D4F792 /* Debug */ = {
			isa = XCBuildConfiguration;
			buildSettings = {
				ASSETCATALOG_COMPILER_APPICON_NAME = AppIcon;
				ASSETCATALOG_COMPILER_GLOBAL_ACCENT_COLOR_NAME = AccentColor;
				CODE_SIGN_STYLE = Automatic;
				CURRENT_PROJECT_VERSION = 1;
				DEVELOPMENT_ASSET_PATHS = "\"SwiftUIPractice/Preview Content\"";
				DEVELOPMENT_TEAM = T62JF6T7Q4;
				ENABLE_PREVIEWS = YES;
				GENERATE_INFOPLIST_FILE = YES;
				INFOPLIST_KEY_UIApplicationSceneManifest_Generation = YES;
				INFOPLIST_KEY_UIApplicationSupportsIndirectInputEvents = YES;
				INFOPLIST_KEY_UILaunchScreen_Generation = YES;
				INFOPLIST_KEY_UISupportedInterfaceOrientations_iPad = "UIInterfaceOrientationPortrait UIInterfaceOrientationPortraitUpsideDown UIInterfaceOrientationLandscapeLeft UIInterfaceOrientationLandscapeRight";
				INFOPLIST_KEY_UISupportedInterfaceOrientations_iPhone = "UIInterfaceOrientationPortrait UIInterfaceOrientationLandscapeLeft UIInterfaceOrientationLandscapeRight";
				LD_RUNPATH_SEARCH_PATHS = (
					"$(inherited)",
					"@executable_path/Frameworks",
				);
				MARKETING_VERSION = 1.0;
				PRODUCT_BUNDLE_IDENTIFIER = kr.co.kmj.SwiftUIPractice;
				PRODUCT_NAME = "$(TARGET_NAME)";
				SWIFT_EMIT_LOC_STRINGS = YES;
				SWIFT_VERSION = 5.0;
				TARGETED_DEVICE_FAMILY = "1,2";
			};
			name = Debug;
		};
		7BA6737D2C85B9D900D4F792 /* Release */ = {
			isa = XCBuildConfiguration;
			buildSettings = {
				ASSETCATALOG_COMPILER_APPICON_NAME = AppIcon;
				ASSETCATALOG_COMPILER_GLOBAL_ACCENT_COLOR_NAME = AccentColor;
				CODE_SIGN_STYLE = Automatic;
				CURRENT_PROJECT_VERSION = 1;
				DEVELOPMENT_ASSET_PATHS = "\"SwiftUIPractice/Preview Content\"";
				DEVELOPMENT_TEAM = T62JF6T7Q4;
				ENABLE_PREVIEWS = YES;
				GENERATE_INFOPLIST_FILE = YES;
				INFOPLIST_KEY_UIApplicationSceneManifest_Generation = YES;
				INFOPLIST_KEY_UIApplicationSupportsIndirectInputEvents = YES;
				INFOPLIST_KEY_UILaunchScreen_Generation = YES;
				INFOPLIST_KEY_UISupportedInterfaceOrientations_iPad = "UIInterfaceOrientationPortrait UIInterfaceOrientationPortraitUpsideDown UIInterfaceOrientationLandscapeLeft UIInterfaceOrientationLandscapeRight";
				INFOPLIST_KEY_UISupportedInterfaceOrientations_iPhone = "UIInterfaceOrientationPortrait UIInterfaceOrientationLandscapeLeft UIInterfaceOrientationLandscapeRight";
				LD_RUNPATH_SEARCH_PATHS = (
					"$(inherited)",
					"@executable_path/Frameworks",
				);
				MARKETING_VERSION = 1.0;
				PRODUCT_BUNDLE_IDENTIFIER = kr.co.kmj.SwiftUIPractice;
				PRODUCT_NAME = "$(TARGET_NAME)";
				SWIFT_EMIT_LOC_STRINGS = YES;
				SWIFT_VERSION = 5.0;
				TARGETED_DEVICE_FAMILY = "1,2";
			};
			name = Release;
		};
/* End XCBuildConfiguration section */

/* Begin XCConfigurationList section */
		7BA673682C85B9D800D4F792 /* Build configuration list for PBXProject "SwiftUIPractice" */ = {
			isa = XCConfigurationList;
			buildConfigurations = (
				7BA673792C85B9D900D4F792 /* Debug */,
				7BA6737A2C85B9D900D4F792 /* Release */,
			);
			defaultConfigurationIsVisible = 0;
			defaultConfigurationName = Release;
		};
		7BA6737B2C85B9D900D4F792 /* Build configuration list for PBXNativeTarget "SwiftUIPractice" */ = {
			isa = XCConfigurationList;
			buildConfigurations = (
				7BA6737C2C85B9D900D4F792 /* Debug */,
				7BA6737D2C85B9D900D4F792 /* Release */,
			);
			defaultConfigurationIsVisible = 0;
			defaultConfigurationName = Release;
		};
/* End XCConfigurationList section */
	};
	rootObject = 7BA673652C85B9D800D4F792 /* Project object */;
}
